
Microsoft Visual Studio Solution File, Format Version 12.00
# Visual Studio Version 17
VisualStudioVersion = 17.14.36511.14
MinimumVisualStudioVersion = 10.0.40219.1
Project("{FAE04EC0-301F-11D3-BF4B-00C04F79EFBC}") = "SpitterChicken", "SpitterChicken.csproj", "{278DD39E-7C09-4B8B-9D7B-A20D478CED2D}"
EndProject
Global
	GlobalSection(SolutionConfigurationPlatforms) = preSolution
		Debug|Any CPU = Debug|Any CPU
		Release|Any CPU = Release|Any CPU
	EndGlobalSection
	GlobalSection(ProjectConfigurationPlatforms) = postSolution
		{278DD39E-7C09-4B8B-9D7B-A20D478CED2D}.Debug|Any CPU.ActiveCfg = Debug|Any CPU
		{278DD39E-7C09-4B8B-9D7B-A20D478CED2D}.Debug|Any CPU.Build.0 = Debug|Any CPU
		{278DD39E-7C09-4B8B-9D7B-A20D478CED2D}.Release|Any CPU.ActiveCfg = Release|Any CPU
		{278DD39E-7C09-4B8B-9D7B-A20D478CED2D}.Release|Any CPU.Build.0 = Release|Any CPU
	EndGlobalSection
	GlobalSection(SolutionProperties) = preSolution
		HideSolutionNode = FALSE
	EndGlobalSection
	GlobalSection(ExtensibilityGlobals) = postSolution
		SolutionGuid = {1783E730-0362-4CEE-9BB0-E5882C3083B3}
	EndGlobalSection
EndGlobal
